lockfileVersion: '6.0'

settings:
  autoInstallPeers: true
  excludeLinksFromLockfile: false

dependencies:
  '@nclsndr/npm-export-playground':
    specifier: ^1.0.4
    version: 1.0.4

devDependencies:
  typescript:
    specifier: ^5.2.2
    version: 5.2.2

packages:

  /@nclsndr/npm-export-playground@1.0.4:
    resolution: {integrity: sha512-Z+VQSms0JjbYPoCiSN31Wa9FZE9R7QRDQJfR6ZBg9n32HccPx2QrInahW4GaeUDGNgDSUcNUNq5bq+SL2cVfdg==}
    dev: false

  /typescript@5.2.2:
    resolution: {integrity: sha512-mI4WrpHsbCIcwT9cF4FZvr80QUeKvsUsUvKDoR+X/7XHQH98xYD8YHZg7ANtz2GtZt/CBq2QJ0thkGJMHfqc1w==}
    engines: {node: '>=14.17'}
    hasBin: true
    dev: true
